
Microsoft Visual Studio Solution File, Format Version 12.00
# Visual Studio Version 16
VisualStudioVersion = 16.0.30907.101
MinimumVisualStudioVersion = 10.0.40219.1
Project("{FAE04EC0-301F-11D3-BF4B-00C04F79EFBC}") = "DataAccess", "DataAccess\DataAccess.csproj", "{5EE83749-FFEC-465A-9462-CAAEF077C2E7}"
EndProject
Project("{FAE04EC0-301F-11D3-BF4B-00C04F79EFBC}") = "Business", "Business\Business.csproj", "{2725FE60-1A45-45EA-BE95-C2612E013BBF}"
EndProject
Project("{FAE04EC0-301F-11D3-BF4B-00C04F79EFBC}") = "Entities", "Entities\Entities.csproj", "{55C7A1C7-B331-4766-B6B2-6BC9DEEF7C36}"
EndProject
Project("{FAE04EC0-301F-11D3-BF4B-00C04F79EFBC}") = "ConsoleUI", "ConsoleUI\ConsoleUI.csproj", "{77BCE14E-564F-4C54-ABA4-6BFAC0BF47BD}"
EndProject
Global
	GlobalSection(SolutionConfigurationPlatforms) = preSolution
		Debug|Any CPU = Debug|Any CPU
		Release|Any CPU = Release|Any CPU
	EndGlobalSection
	GlobalSection(ProjectConfigurationPlatforms) = postSolution
		{5EE83749-FFEC-465A-9462-CAAEF077C2E7}.Debug|Any CPU.ActiveCfg = Debug|Any CPU
		{5EE83749-FFEC-465A-9462-CAAEF077C2E7}.Debug|Any CPU.Build.0 = Debug|Any CPU
		{5EE83749-FFEC-465A-9462-CAAEF077C2E7}.Release|Any CPU.ActiveCfg = Release|Any CPU
		{5EE83749-FFEC-465A-9462-CAAEF077C2E7}.Release|Any CPU.Build.0 = Release|Any CPU
		{2725FE60-1A45-45EA-BE95-C2612E013BBF}.Debug|Any CPU.ActiveCfg = Debug|Any CPU
		{2725FE60-1A45-45EA-BE95-C2612E013BBF}.Debug|Any CPU.Build.0 = Debug|Any CPU
		{2725FE60-1A45-45EA-BE95-C2612E013BBF}.Release|Any CPU.ActiveCfg = Release|Any CPU
		{2725FE60-1A45-45EA-BE95-C2612E013BBF}.Release|Any CPU.Build.0 = Release|Any CPU
		{55C7A1C7-B331-4766-B6B2-6BC9DEEF7C36}.Debug|Any CPU.ActiveCfg = Debug|Any CPU
		{55C7A1C7-B331-4766-B6B2-6BC9DEEF7C36}.Debug|Any CPU.Build.0 = Debug|Any CPU
		{55C7A1C7-B331-4766-B6B2-6BC9DEEF7C36}.Release|Any CPU.ActiveCfg = Release|Any CPU
		{55C7A1C7-B331-4766-B6B2-6BC9DEEF7C36}.Release|Any CPU.Build.0 = Release|Any CPU
		{77BCE14E-564F-4C54-ABA4-6BFAC0BF47BD}.Debug|Any CPU.ActiveCfg = Debug|Any CPU
		{77BCE14E-564F-4C54-ABA4-6BFAC0BF47BD}.Debug|Any CPU.Build.0 = Debug|Any CPU
		{77BCE14E-564F-4C54-ABA4-6BFAC0BF47BD}.Release|Any CPU.ActiveCfg = Release|Any CPU
		{77BCE14E-564F-4C54-ABA4-6BFAC0BF47BD}.Release|Any CPU.Build.0 = Release|Any CPU
	EndGlobalSection
	GlobalSection(SolutionProperties) = preSolution
		HideSolutionNode = FALSE
	EndGlobalSection
	GlobalSection(ExtensibilityGlobals) = postSolution
		SolutionGuid = {46B1BEFB-2C56-493F-856C-AFD8B8C4AF88}
	EndGlobalSection
EndGlobal
